
Microsoft Visual Studio Solution File, Format Version 12.00
# Visual Studio 15
VisualStudioVersion = 15.0.27703.2042
MinimumVisualStudioVersion = 10.0.40219.1
Project("{FAE04EC0-301F-11D3-BF4B-00C04F79EFBC}") = "VMR.Tests", "VMR.Tests\VMR.Tests.csproj", "{CC8CDDA2-5DBC-4D2C-8C04-53B6AEFC186D}"
EndProject
Global
	GlobalSection(SolutionConfigurationPlatforms) = preSolution
		Debug|Any CPU = Debug|Any CPU
		Release|Any CPU = Release|Any CPU
	EndGlobalSection
	GlobalSection(ProjectConfigurationPlatforms) = postSolution
		{CC8CDDA2-5DBC-4D2C-8C04-53B6AEFC186D}.Debug|Any CPU.ActiveCfg = Debug|Any CPU
		{CC8CDDA2-5DBC-4D2C-8C04-53B6AEFC186D}.Debug|Any CPU.Build.0 = Debug|Any CPU
		{CC8CDDA2-5DBC-4D2C-8C04-53B6AEFC186D}.Release|Any CPU.ActiveCfg = Release|Any CPU
		{CC8CDDA2-5DBC-4D2C-8C04-53B6AEFC186D}.Release|Any CPU.Build.0 = Release|Any CPU
	EndGlobalSection
	GlobalSection(SolutionProperties) = preSolution
		HideSolutionNode = FALSE
	EndGlobalSection
	GlobalSection(ExtensibilityGlobals) = postSolution
		SolutionGuid = {48B016A4-1061-4C4C-A4CF-3AE70E3F25DF}
	EndGlobalSection
EndGlobal
